
Microsoft Visual Studio Solution File, Format Version 12.00
# Visual Studio Version 16
VisualStudioVersion = 16.0.30128.74
MinimumVisualStudioVersion = 10.0.40219.1
Project("{888888A0-9F3D-457C-B088-3A5042F75D52}") = "Assignment06", "Assignment06\Assignment06.pyproj", "{948C9D25-F1AA-4383-A306-91E0091C84DC}"
EndProject
Global
	GlobalSection(SolutionConfigurationPlatforms) = preSolution
		Debug|Any CPU = Debug|Any CPU
		Release|Any CPU = Release|Any CPU
	EndGlobalSection
	GlobalSection(ProjectConfigurationPlatforms) = postSolution
		{948C9D25-F1AA-4383-A306-91E0091C84DC}.Debug|Any CPU.ActiveCfg = Debug|Any CPU
		{948C9D25-F1AA-4383-A306-91E0091C84DC}.Release|Any CPU.ActiveCfg = Release|Any CPU
	EndGlobalSection
	GlobalSection(SolutionProperties) = preSolution
		HideSolutionNode = FALSE
	EndGlobalSection
	GlobalSection(ExtensibilityGlobals) = postSolution
		SolutionGuid = {6C979012-411D-4416-910E-0642923DCAF7}
	EndGlobalSection
EndGlobal
