
Microsoft Visual Studio Solution File, Format Version 12.00
# Visual Studio Version 16
VisualStudioVersion = 16.0.30621.155
MinimumVisualStudioVersion = 10.0.40219.1
Project("{888888A0-9F3D-457C-B088-3A5042F75D52}") = "Assignment09", "Assignment09\Assignment09.pyproj", "{9E5E8BB8-CF6E-4E2A-ACF8-79E66BC2B736}"
EndProject
Global
	GlobalSection(SolutionConfigurationPlatforms) = preSolution
		Debug|Any CPU = Debug|Any CPU
		Release|Any CPU = Release|Any CPU
	EndGlobalSection
	GlobalSection(ProjectConfigurationPlatforms) = postSolution
		{9E5E8BB8-CF6E-4E2A-ACF8-79E66BC2B736}.Debug|Any CPU.ActiveCfg = Debug|Any CPU
		{9E5E8BB8-CF6E-4E2A-ACF8-79E66BC2B736}.Release|Any CPU.ActiveCfg = Release|Any CPU
	EndGlobalSection
	GlobalSection(SolutionProperties) = preSolution
		HideSolutionNode = FALSE
	EndGlobalSection
	GlobalSection(ExtensibilityGlobals) = postSolution
		SolutionGuid = {FA4E0C14-C2AC-4617-9D9F-08FE095D08B4}
	EndGlobalSection
EndGlobal
