
Microsoft Visual Studio Solution File, Format Version 12.00
# Visual Studio Version 16
VisualStudioVersion = 16.0.30128.74
MinimumVisualStudioVersion = 10.0.40219.1
Project("{888888A0-9F3D-457C-B088-3A5042F75D52}") = "PasswordFunPython", "PasswordFunPython\PasswordFunPython.pyproj", "{7EB78143-0E76-423B-BF8E-41D2D483C69E}"
EndProject
Project("{FAE04EC0-301F-11D3-BF4B-00C04F79EFBC}") = "ZipFileTest", "ZipFileTest\ZipFileTest.csproj", "{5E2FD89E-97CF-443C-887C-B7C7A6EE50EE}"
EndProject
Global
	GlobalSection(SolutionConfigurationPlatforms) = preSolution
		Debug|Any CPU = Debug|Any CPU
		Release|Any CPU = Release|Any CPU
	EndGlobalSection
	GlobalSection(ProjectConfigurationPlatforms) = postSolution
		{7EB78143-0E76-423B-BF8E-41D2D483C69E}.Debug|Any CPU.ActiveCfg = Debug|Any CPU
		{7EB78143-0E76-423B-BF8E-41D2D483C69E}.Release|Any CPU.ActiveCfg = Release|Any CPU
		{5E2FD89E-97CF-443C-887C-B7C7A6EE50EE}.Debug|Any CPU.ActiveCfg = Debug|Any CPU
		{5E2FD89E-97CF-443C-887C-B7C7A6EE50EE}.Debug|Any CPU.Build.0 = Debug|Any CPU
		{5E2FD89E-97CF-443C-887C-B7C7A6EE50EE}.Release|Any CPU.ActiveCfg = Release|Any CPU
		{5E2FD89E-97CF-443C-887C-B7C7A6EE50EE}.Release|Any CPU.Build.0 = Release|Any CPU
	EndGlobalSection
	GlobalSection(SolutionProperties) = preSolution
		HideSolutionNode = FALSE
	EndGlobalSection
	GlobalSection(ExtensibilityGlobals) = postSolution
		SolutionGuid = {7B2DE86C-A280-4722-9818-22ED2874A1F5}
	EndGlobalSection
EndGlobal
