
Microsoft Visual Studio Solution File, Format Version 12.00
# Visual Studio Version 16
VisualStudioVersion = 16.0.30128.74
MinimumVisualStudioVersion = 10.0.40219.1
Project("{888888A0-9F3D-457C-B088-3A5042F75D52}") = "Lab13", "Lab13\Lab13.pyproj", "{980917A5-2804-4527-B2F3-849E7BA10BD2}"
EndProject
Global
	GlobalSection(SolutionConfigurationPlatforms) = preSolution
		Debug|Any CPU = Debug|Any CPU
		Release|Any CPU = Release|Any CPU
	EndGlobalSection
	GlobalSection(ProjectConfigurationPlatforms) = postSolution
		{980917A5-2804-4527-B2F3-849E7BA10BD2}.Debug|Any CPU.ActiveCfg = Debug|Any CPU
		{980917A5-2804-4527-B2F3-849E7BA10BD2}.Release|Any CPU.ActiveCfg = Release|Any CPU
	EndGlobalSection
	GlobalSection(SolutionProperties) = preSolution
		HideSolutionNode = FALSE
	EndGlobalSection
	GlobalSection(ExtensibilityGlobals) = postSolution
		SolutionGuid = {11D2115F-30D0-4900-8DA6-AAC48D3227DC}
	EndGlobalSection
EndGlobal
