
Microsoft Visual Studio Solution File, Format Version 12.00
# Visual Studio Version 16
VisualStudioVersion = 16.0.30621.155
MinimumVisualStudioVersion = 10.0.40219.1
Project("{888888A0-9F3D-457C-B088-3A5042F75D52}") = "Assignment08", "Assignment08\Assignment08.pyproj", "{C086B87E-E2CC-4491-846D-35430ED459D1}"
EndProject
Global
	GlobalSection(SolutionConfigurationPlatforms) = preSolution
		Debug|Any CPU = Debug|Any CPU
		Release|Any CPU = Release|Any CPU
	EndGlobalSection
	GlobalSection(ProjectConfigurationPlatforms) = postSolution
		{C086B87E-E2CC-4491-846D-35430ED459D1}.Debug|Any CPU.ActiveCfg = Debug|Any CPU
		{C086B87E-E2CC-4491-846D-35430ED459D1}.Release|Any CPU.ActiveCfg = Release|Any CPU
	EndGlobalSection
	GlobalSection(SolutionProperties) = preSolution
		HideSolutionNode = FALSE
	EndGlobalSection
	GlobalSection(ExtensibilityGlobals) = postSolution
		SolutionGuid = {5E10ECD4-0626-4B7A-AE54-60472D0821B3}
	EndGlobalSection
EndGlobal
